<?xml version="1.0" encoding="utf-8"?>
<Project ToolsVersion="4.0" xmlns="http://schemas.microsoft.com/developer/msbuild/2003">
  <ItemGroup>
    <Filter Include="Resource Files">
      <UniqueIdentifier>{67DA6AB6-F800-4c08-8B7A-83BB121AAD01}</UniqueIdentifier>
      <Extensions>rc;ico;cur;bmp;dlg;rc2;rct;bin;rgs;gif;jpg;jpeg;jpe;resx;tiff;tif;png;wav;mfcribbon-ms</Extensions>
    </Filter>
    <Filter Include="Game">
      <UniqueIdentifier>{972edbb6-6d6a-49c9-8f79-9ddece0ca5a5}</UniqueIdentifier>
    </Filter>
    <Filter Include="Engine">
      <UniqueIdentifier>{8c569a36-590c-4ca0-82fd-d179adbe6c5d}</UniqueIdentifier>
    </Filter>
    <Filter Include="Engine\Math">
      <UniqueIdentifier>{0d009f7a-a426-4656-ae61-ae5a47602f43}</UniqueIdentifier>
    </Filter>
    <Filter Include="Engine\Renderer">
      <UniqueIdentifier>{60493021-5bb0-42ed-b9f2-65edfe1e77e1}</UniqueIdentifier>
    </Filter>
    <Filter Include="Engine\Time">
      <UniqueIdentifier>{6fea6c98-c79d-44b5-8c83-9392f243abb0}</UniqueIdentifier>
    </Filter>
    <Filter Include="Engine\Camera">
      <UniqueIdentifier>{acf3109a-1c4a-4379-93ff-e6463e4884a8}</UniqueIdentifier>
    </Filter>
    <Filter Include="Engine\Matrix">
      <UniqueIdentifier>{91639ab6-1e52-4333-8b11-2d4f9684eb41}</UniqueIdentifier>
    </Filter>
  </ItemGroup>
  <ItemGroup>
    <ClCompile Include="Engine\Main_Win32.cpp">
      <Filter>Engine</Filter>
    </ClCompile>
    <ClCompile Include="Engine\Renderer\OpenGLRenderer.cpp">
      <Filter>Engine\Renderer</Filter>
    </ClCompile>
    <ClCompile Include="Engine\Time\Time.cpp">
      <Filter>Engine\Time</Filter>
    </ClCompile>
    <ClCompile Include="Engine\Camera\Camera.cpp">
      <Filter>Engine\Camera</Filter>
    </ClCompile>
    <ClCompile Include="Game\World.cpp">
      <Filter>Game</Filter>
    </ClCompile>
    <ClCompile Include="Engine\Matrix\MatrixStack.cpp">
      <Filter>Engine\Matrix</Filter>
    </ClCompile>
  </ItemGroup>
  <ItemGroup>
    <ClInclude Include="Engine\Renderer\glext.h">
      <Filter>Engine\Renderer</Filter>
    </ClInclude>
    <ClInclude Include="Engine\Renderer\OpenGLRenderer.hpp">
      <Filter>Engine\Renderer</Filter>
    </ClInclude>
    <ClInclude Include="Engine\Time\Time.hpp">
      <Filter>Engine\Time</Filter>
    </ClInclude>
    <ClInclude Include="Engine\Constants.hpp">
      <Filter>Engine</Filter>
    </ClInclude>
    <ClInclude Include="Engine\Math\IntVector2.hpp">
      <Filter>Engine\Math</Filter>
    </ClInclude>
    <ClInclude Include="Engine\Math\IntVector3.hpp">
      <Filter>Engine\Math</Filter>
    </ClInclude>
    <ClInclude Include="Engine\Math\MyMathFiles.hpp">
      <Filter>Engine\Math</Filter>
    </ClInclude>
    <ClInclude Include="Engine\Math\RGBA.hpp">
      <Filter>Engine\Math</Filter>
    </ClInclude>
    <ClInclude Include="Engine\Math\Vector2.hpp">
      <Filter>Engine\Math</Filter>
    </ClInclude>
    <ClInclude Include="Engine\Math\Vector3.hpp">
      <Filter>Engine\Math</Filter>
    </ClInclude>
    <ClInclude Include="Engine\Math\Vector4.hpp">
      <Filter>Engine\Math</Filter>
    </ClInclude>
    <ClInclude Include="Engine\Camera\Camera.hpp">
      <Filter>Engine\Camera</Filter>
    </ClInclude>
    <ClInclude Include="Game\World.hpp">
      <Filter>Game</Filter>
    </ClInclude>
    <ClInclude Include="Engine\Math\Vertex.hpp">
      <Filter>Engine\Math</Filter>
    </ClInclude>
    <ClInclude Include="Game\CubeCell.hpp">
      <Filter>Game</Filter>
    </ClInclude>
    <ClInclude Include="Engine\Matrix\Matrix4x4.hpp">
      <Filter>Engine\Matrix</Filter>
    </ClInclude>
    <ClInclude Include="Engine\Matrix\MatrixStack.hpp">
      <Filter>Engine\Matrix</Filter>
    </ClInclude>
  </ItemGroup>
  <ItemGroup>
    <None Include="Data\Rust_330.fragment.glsl">
      <Filter>Resource Files</Filter>
    </None>
    <None Include="Data\Rust_330.vertex.glsl">
      <Filter>Resource Files</Filter>
    </None>
  </ItemGroup>
</Project>